{
    "name": "@genese/api",
    "version": "1.0.1",
    "lockfileVersion": 2,
    "requires": true,
    "packages": {
        "": {
            "name": "@genese/api",
            "version": "1.0.1",
            "license": "MIT",
            "dependencies": {
                "@types/node": "^14.14.8",
                "chalk": "^4.1.0",
                "eol": "^0.9.1",
                "fs-extra": "^9.0.1",
                "handlebars": "^4.7.6",
                "ora": "^5.1.0"
            },
            "bin": {
                "api": "dist/src/index.js"
            }
        },
        "node_modules/@types/node": {
            "version": "14.14.8",
            "resolved": "http://localhost:4873/@types%2fnode/-/node-14.14.8.tgz",
            "integrity": "sha512-z/5Yd59dCKI5kbxauAJgw6dLPzW+TNOItNE00PkpzNwUIEwdj/Lsqwq94H5DdYBX7C13aRA0CY32BK76+neEUA=="
        },
        "node_modules/ansi-regex": {
            "version": "5.0.0",
            "resolved": "http://localhost:4873/ansi-regex/-/ansi-regex-5.0.0.tgz",
            "integrity": "sha512-bY6fj56OUQ0hU1KjFNDQuJFezqKdrAyFdIevADiqrWHwSlbmBNMHp5ak2f40Pm8JTFyM2mqxkG6ngkHO11f/lg==",
            "engines": {
                "node": ">=8"
            }
        },
        "node_modules/ansi-styles": {
            "version": "4.3.0",
            "resolved": "http://localhost:4873/ansi-styles/-/ansi-styles-4.3.0.tgz",
            "integrity": "sha512-zbB9rCJAT1rbjiVDb2hqKFHNYLxgtk8NURxZ3IZwD3F6NtxbXZQCnnSi1Lkx+IDohdPlFp222wVALIheZJQSEg==",
            "dependencies": {
                "color-convert": "^2.0.1"
            },
            "engines": {
                "node": ">=8"
            }
        },
        "node_modules/at-least-node": {
            "version": "1.0.0",
            "resolved": "http://localhost:4873/at-least-node/-/at-least-node-1.0.0.tgz",
            "integrity": "sha512-+q/t7Ekv1EDY2l6Gda6LLiX14rU9TV20Wa3ofeQmwPFZbOMo9DXrLbOjFaaclkXKWidIaopwAObQDqwWtGUjqg==",
            "engines": {
                "node": ">= 4.0.0"
            }
        },
        "node_modules/chalk": {
            "version": "4.1.0",
            "resolved": "http://localhost:4873/chalk/-/chalk-4.1.0.tgz",
            "integrity": "sha512-qwx12AxXe2Q5xQ43Ac//I6v5aXTipYrSESdOgzrN+9XjgEpyjpKuvSGaN4qE93f7TQTlerQQ8S+EQ0EyDoVL1A==",
            "dependencies": {
                "ansi-styles": "^4.1.0",
                "supports-color": "^7.1.0"
            },
            "engines": {
                "node": ">=10"
            }
        },
        "node_modules/cli-cursor": {
            "version": "3.1.0",
            "resolved": "http://localhost:4873/cli-cursor/-/cli-cursor-3.1.0.tgz",
            "integrity": "sha512-I/zHAwsKf9FqGoXM4WWRACob9+SNukZTd94DWF57E4toouRulbCxcUh6RKUEOQlYTHJnzkPMySvPNaaSLNfLZw==",
            "dependencies": {
                "restore-cursor": "^3.1.0"
            },
            "engines": {
                "node": ">=8"
            }
        },
        "node_modules/cli-spinners": {
            "version": "2.5.0",
            "resolved": "http://localhost:4873/cli-spinners/-/cli-spinners-2.5.0.tgz",
            "integrity": "sha512-PC+AmIuK04E6aeSs/pUccSujsTzBhu4HzC2dL+CfJB/Jcc2qTRbEwZQDfIUpt2Xl8BodYBEq8w4fc0kU2I9DjQ==",
            "engines": {
                "node": ">=6"
            }
        },
        "node_modules/clone": {
            "version": "1.0.4",
            "resolved": "http://localhost:4873/clone/-/clone-1.0.4.tgz",
            "integrity": "sha1-2jCcwmPfFZlMaIypAheco8fNfH4=",
            "engines": {
                "node": ">=0.8"
            }
        },
        "node_modules/color-convert": {
            "version": "2.0.1",
            "resolved": "http://localhost:4873/color-convert/-/color-convert-2.0.1.tgz",
            "integrity": "sha512-RRECPsj7iu/xb5oKYcsFHSppFNnsj/52OVTRKb4zP5onXwVF3zVmmToNcOfGC+CRDpfK/U584fMg38ZHCaElKQ==",
            "dependencies": {
                "color-name": "~1.1.4"
            },
            "engines": {
                "node": ">=7.0.0"
            }
        },
        "node_modules/color-name": {
            "version": "1.1.4",
            "resolved": "http://localhost:4873/color-name/-/color-name-1.1.4.tgz",
            "integrity": "sha512-dOy+3AuW3a2wNbZHIuMZpTcgjGuLU/uBL/ubcZF9OXbDo8ff4O8yVp5Bf0efS8uEoYo5q4Fx7dY9OgQGXgAsQA=="
        },
        "node_modules/defaults": {
            "version": "1.0.3",
            "resolved": "http://localhost:4873/defaults/-/defaults-1.0.3.tgz",
            "integrity": "sha1-xlYFHpgX2f8I7YgUd/P+QBnz730=",
            "dependencies": {
                "clone": "^1.0.2"
            }
        },
        "node_modules/eol": {
            "version": "0.9.1",
            "resolved": "http://localhost:4873/eol/-/eol-0.9.1.tgz",
            "integrity": "sha512-Ds/TEoZjwggRoz/Q2O7SE3i4Jm66mqTDfmdHdq/7DKVk3bro9Q8h6WdXKdPqFLMoqxrDK5SVRzHVPOS6uuGtrg=="
        },
        "node_modules/fs-extra": {
            "version": "9.0.1",
            "resolved": "http://localhost:4873/fs-extra/-/fs-extra-9.0.1.tgz",
            "integrity": "sha512-h2iAoN838FqAFJY2/qVpzFXy+EBxfVE220PalAqQLDVsFOHLJrZvut5puAbCdNv6WJk+B8ihI+k0c7JK5erwqQ==",
            "dependencies": {
                "at-least-node": "^1.0.0",
                "graceful-fs": "^4.2.0",
                "jsonfile": "^6.0.1",
                "universalify": "^1.0.0"
            },
            "engines": {
                "node": ">=10"
            }
        },
        "node_modules/graceful-fs": {
            "version": "4.2.4",
            "resolved": "http://localhost:4873/graceful-fs/-/graceful-fs-4.2.4.tgz",
            "integrity": "sha512-WjKPNJF79dtJAVniUlGGWHYGz2jWxT6VhN/4m1NdkbZ2nOsEF+cI1Edgql5zCRhs/VsQYRvrXctxktVXZUkixw=="
        },
        "node_modules/handlebars": {
            "version": "4.7.6",
            "resolved": "http://localhost:4873/handlebars/-/handlebars-4.7.6.tgz",
            "integrity": "sha512-1f2BACcBfiwAfStCKZNrUCgqNZkGsAT7UM3kkYtXuLo0KnaVfjKOyf7PRzB6++aK9STyT1Pd2ZCPe3EGOXleXA==",
            "dependencies": {
                "minimist": "^1.2.5",
                "neo-async": "^2.6.0",
                "source-map": "^0.6.1",
                "wordwrap": "^1.0.0"
            },
            "bin": {
                "handlebars": "bin/handlebars"
            },
            "engines": {
                "node": ">=0.4.7"
            },
            "optionalDependencies": {
                "uglify-js": "^3.1.4"
            }
        },
        "node_modules/has-flag": {
            "version": "4.0.0",
            "resolved": "http://localhost:4873/has-flag/-/has-flag-4.0.0.tgz",
            "integrity": "sha512-EykJT/Q1KjTWctppgIAgfSO0tKVuZUjhgMr17kqTumMl6Afv3EISleU7qZUzoXDFTAHTDC4NOoG/ZxU3EvlMPQ==",
            "engines": {
                "node": ">=8"
            }
        },
        "node_modules/is-interactive": {
            "version": "1.0.0",
            "resolved": "http://localhost:4873/is-interactive/-/is-interactive-1.0.0.tgz",
            "integrity": "sha512-2HvIEKRoqS62guEC+qBjpvRubdX910WCMuJTZ+I9yvqKU2/12eSL549HMwtabb4oupdj2sMP50k+XJfB/8JE6w==",
            "engines": {
                "node": ">=8"
            }
        },
        "node_modules/jsonfile": {
            "version": "6.1.0",
            "resolved": "http://localhost:4873/jsonfile/-/jsonfile-6.1.0.tgz",
            "integrity": "sha512-5dgndWOriYSm5cnYaJNhalLNDKOqFwyDB/rr1E9ZsGciGvKPs8R2xYGCacuf3z6K1YKDz182fd+fY3cn3pMqXQ==",
            "dependencies": {
                "graceful-fs": "^4.1.6",
                "universalify": "^2.0.0"
            }
        },
        "node_modules/jsonfile/node_modules/universalify": {
            "version": "2.0.0",
            "resolved": "http://localhost:4873/universalify/-/universalify-2.0.0.tgz",
            "integrity": "sha512-hAZsKq7Yy11Zu1DE0OzWjw7nnLZmJZYTDZZyEFHZdUhV8FkH5MCfoU1XMaxXovpyW5nq5scPqq0ZDP9Zyl04oQ==",
            "engines": {
                "node": ">= 10.0.0"
            }
        },
        "node_modules/log-symbols": {
            "version": "4.0.0",
            "resolved": "http://localhost:4873/log-symbols/-/log-symbols-4.0.0.tgz",
            "integrity": "sha512-FN8JBzLx6CzeMrB0tg6pqlGU1wCrXW+ZXGH481kfsBqer0hToTIiHdjH4Mq8xJUbvATujKCvaREGWpGUionraA==",
            "dependencies": {
                "chalk": "^4.0.0"
            },
            "engines": {
                "node": ">=10"
            }
        },
        "node_modules/mimic-fn": {
            "version": "2.1.0",
            "resolved": "http://localhost:4873/mimic-fn/-/mimic-fn-2.1.0.tgz",
            "integrity": "sha512-OqbOk5oEQeAZ8WXWydlu9HJjz9WVdEIvamMCcXmuqUYjTknH/sqsWvhQ3vgwKFRR1HpjvNBKQ37nbJgYzGqGcg==",
            "engines": {
                "node": ">=6"
            }
        },
        "node_modules/minimist": {
            "version": "1.2.5",
            "resolved": "http://localhost:4873/minimist/-/minimist-1.2.5.tgz",
            "integrity": "sha512-FM9nNUYrRBAELZQT3xeZQ7fmMOBg6nWNmJKTcgsJeaLstP/UODVpGsr5OhXhhXg6f+qtJ8uiZ+PUxkDWcgIXLw=="
        },
        "node_modules/mute-stream": {
            "version": "0.0.8",
            "resolved": "http://localhost:4873/mute-stream/-/mute-stream-0.0.8.tgz",
            "integrity": "sha512-nnbWWOkoWyUsTjKrhgD0dcz22mdkSnpYqbEjIm2nhwhuxlSkpywJmBo8h0ZqJdkp73mb90SssHkN4rsRaBAfAA=="
        },
        "node_modules/neo-async": {
            "version": "2.6.2",
            "resolved": "http://localhost:4873/neo-async/-/neo-async-2.6.2.tgz",
            "integrity": "sha512-Yd3UES5mWCSqR+qNT93S3UoYUkqAZ9lLg8a7g9rimsWmYGK8cVToA4/sF3RrshdyV3sAGMXVUmpMYOw+dLpOuw=="
        },
        "node_modules/onetime": {
            "version": "5.1.2",
            "resolved": "http://localhost:4873/onetime/-/onetime-5.1.2.tgz",
            "integrity": "sha512-kbpaSSGJTWdAY5KPVeMOKXSrPtr8C8C7wodJbcsd51jRnmD+GZu8Y0VoU6Dm5Z4vWr0Ig/1NKuWRKf7j5aaYSg==",
            "dependencies": {
                "mimic-fn": "^2.1.0"
            },
            "engines": {
                "node": ">=6"
            }
        },
        "node_modules/ora": {
            "version": "5.1.0",
            "resolved": "http://localhost:4873/ora/-/ora-5.1.0.tgz",
            "integrity": "sha512-9tXIMPvjZ7hPTbk8DFq1f7Kow/HU/pQYB60JbNq+QnGwcyhWVZaQ4hM9zQDEsPxw/muLpgiHSaumUZxCAmod/w==",
            "dependencies": {
                "chalk": "^4.1.0",
                "cli-cursor": "^3.1.0",
                "cli-spinners": "^2.4.0",
                "is-interactive": "^1.0.0",
                "log-symbols": "^4.0.0",
                "mute-stream": "0.0.8",
                "strip-ansi": "^6.0.0",
                "wcwidth": "^1.0.1"
            },
            "engines": {
                "node": ">=10"
            }
        },
        "node_modules/restore-cursor": {
            "version": "3.1.0",
            "resolved": "http://localhost:4873/restore-cursor/-/restore-cursor-3.1.0.tgz",
            "integrity": "sha512-l+sSefzHpj5qimhFSE5a8nufZYAM3sBSVMAPtYkmC+4EH2anSGaEMXSD0izRQbu9nfyQ9y5JrVmp7E8oZrUjvA==",
            "dependencies": {
                "onetime": "^5.1.0",
                "signal-exit": "^3.0.2"
            },
            "engines": {
                "node": ">=8"
            }
        },
        "node_modules/signal-exit": {
            "version": "3.0.3",
            "resolved": "http://localhost:4873/signal-exit/-/signal-exit-3.0.3.tgz",
            "integrity": "sha512-VUJ49FC8U1OxwZLxIbTTrDvLnf/6TDgxZcK8wxR8zs13xpx7xbG60ndBlhNrFi2EMuFRoeDoJO7wthSLq42EjA=="
        },
        "node_modules/source-map": {
            "version": "0.6.1",
            "resolved": "http://localhost:4873/source-map/-/source-map-0.6.1.tgz",
            "integrity": "sha512-UjgapumWlbMhkBgzT7Ykc5YXUT46F0iKu8SGXq0bcwP5dz/h0Plj6enJqjz1Zbq2l5WaqYnrVbwWOWMyF3F47g==",
            "engines": {
                "node": ">=0.10.0"
            }
        },
        "node_modules/strip-ansi": {
            "version": "6.0.0",
            "resolved": "http://localhost:4873/strip-ansi/-/strip-ansi-6.0.0.tgz",
            "integrity": "sha512-AuvKTrTfQNYNIctbR1K/YGTR1756GycPsg7b9bdV9Duqur4gv6aKqHXah67Z8ImS7WEz5QVcOtlfW2rZEugt6w==",
            "dependencies": {
                "ansi-regex": "^5.0.0"
            },
            "engines": {
                "node": ">=8"
            }
        },
        "node_modules/supports-color": {
            "version": "7.2.0",
            "resolved": "http://localhost:4873/supports-color/-/supports-color-7.2.0.tgz",
            "integrity": "sha512-qpCAvRl9stuOHveKsn7HncJRvv501qIacKzQlO/+Lwxc9+0q2wLyv4Dfvt80/DPn2pqOBsJdDiogXGR9+OvwRw==",
            "dependencies": {
                "has-flag": "^4.0.0"
            },
            "engines": {
                "node": ">=8"
            }
        },
        "node_modules/uglify-js": {
            "version": "3.11.6",
            "resolved": "http://localhost:4873/uglify-js/-/uglify-js-3.11.6.tgz",
            "integrity": "sha512-oASI1FOJ7BBFkSCNDZ446EgkSuHkOZBuqRFrwXIKWCoXw8ZXQETooTQjkAcBS03Acab7ubCKsXnwuV2svy061g==",
            "optional": true,
            "bin": {
                "uglifyjs": "bin/uglifyjs"
            },
            "engines": {
                "node": ">=0.8.0"
            }
        },
        "node_modules/universalify": {
            "version": "1.0.0",
            "resolved": "http://localhost:4873/universalify/-/universalify-1.0.0.tgz",
            "integrity": "sha512-rb6X1W158d7pRQBg5gkR8uPaSfiids68LTJQYOtEUhoJUWBdaQHsuT/EUduxXYxcrt4r5PJ4fuHW1MHT6p0qug==",
            "engines": {
                "node": ">= 10.0.0"
            }
        },
        "node_modules/wcwidth": {
            "version": "1.0.1",
            "resolved": "http://localhost:4873/wcwidth/-/wcwidth-1.0.1.tgz",
            "integrity": "sha1-8LDc+RW8X/FSivrbLA4XtTLaL+g=",
            "dependencies": {
                "defaults": "^1.0.3"
            }
        },
        "node_modules/wordwrap": {
            "version": "1.0.0",
            "resolved": "http://localhost:4873/wordwrap/-/wordwrap-1.0.0.tgz",
            "integrity": "sha1-J1hIEIkUVqQXHI0CJkQa3pDLyus="
        }
    },
    "dependencies": {
        "@types/node": {
            "version": "14.14.8",
            "resolved": "http://localhost:4873/@types%2fnode/-/node-14.14.8.tgz",
            "integrity": "sha512-z/5Yd59dCKI5kbxauAJgw6dLPzW+TNOItNE00PkpzNwUIEwdj/Lsqwq94H5DdYBX7C13aRA0CY32BK76+neEUA=="
        },
        "ansi-regex": {
            "version": "5.0.0",
            "resolved": "http://localhost:4873/ansi-regex/-/ansi-regex-5.0.0.tgz",
            "integrity": "sha512-bY6fj56OUQ0hU1KjFNDQuJFezqKdrAyFdIevADiqrWHwSlbmBNMHp5ak2f40Pm8JTFyM2mqxkG6ngkHO11f/lg=="
        },
        "ansi-styles": {
            "version": "4.3.0",
            "resolved": "http://localhost:4873/ansi-styles/-/ansi-styles-4.3.0.tgz",
            "integrity": "sha512-zbB9rCJAT1rbjiVDb2hqKFHNYLxgtk8NURxZ3IZwD3F6NtxbXZQCnnSi1Lkx+IDohdPlFp222wVALIheZJQSEg==",
            "requires": {
                "color-convert": "^2.0.1"
            }
        },
        "at-least-node": {
            "version": "1.0.0",
            "resolved": "http://localhost:4873/at-least-node/-/at-least-node-1.0.0.tgz",
            "integrity": "sha512-+q/t7Ekv1EDY2l6Gda6LLiX14rU9TV20Wa3ofeQmwPFZbOMo9DXrLbOjFaaclkXKWidIaopwAObQDqwWtGUjqg=="
        },
        "chalk": {
            "version": "4.1.0",
            "resolved": "http://localhost:4873/chalk/-/chalk-4.1.0.tgz",
            "integrity": "sha512-qwx12AxXe2Q5xQ43Ac//I6v5aXTipYrSESdOgzrN+9XjgEpyjpKuvSGaN4qE93f7TQTlerQQ8S+EQ0EyDoVL1A==",
            "requires": {
                "ansi-styles": "^4.1.0",
                "supports-color": "^7.1.0"
            }
        },
        "cli-cursor": {
            "version": "3.1.0",
            "resolved": "http://localhost:4873/cli-cursor/-/cli-cursor-3.1.0.tgz",
            "integrity": "sha512-I/zHAwsKf9FqGoXM4WWRACob9+SNukZTd94DWF57E4toouRulbCxcUh6RKUEOQlYTHJnzkPMySvPNaaSLNfLZw==",
            "requires": {
                "restore-cursor": "^3.1.0"
            }
        },
        "cli-spinners": {
            "version": "2.5.0",
            "resolved": "http://localhost:4873/cli-spinners/-/cli-spinners-2.5.0.tgz",
            "integrity": "sha512-PC+AmIuK04E6aeSs/pUccSujsTzBhu4HzC2dL+CfJB/Jcc2qTRbEwZQDfIUpt2Xl8BodYBEq8w4fc0kU2I9DjQ=="
        },
        "clone": {
            "version": "1.0.4",
            "resolved": "http://localhost:4873/clone/-/clone-1.0.4.tgz",
            "integrity": "sha1-2jCcwmPfFZlMaIypAheco8fNfH4="
        },
        "color-convert": {
            "version": "2.0.1",
            "resolved": "http://localhost:4873/color-convert/-/color-convert-2.0.1.tgz",
            "integrity": "sha512-RRECPsj7iu/xb5oKYcsFHSppFNnsj/52OVTRKb4zP5onXwVF3zVmmToNcOfGC+CRDpfK/U584fMg38ZHCaElKQ==",
            "requires": {
                "color-name": "~1.1.4"
            }
        },
        "color-name": {
            "version": "1.1.4",
            "resolved": "http://localhost:4873/color-name/-/color-name-1.1.4.tgz",
            "integrity": "sha512-dOy+3AuW3a2wNbZHIuMZpTcgjGuLU/uBL/ubcZF9OXbDo8ff4O8yVp5Bf0efS8uEoYo5q4Fx7dY9OgQGXgAsQA=="
        },
        "defaults": {
            "version": "1.0.3",
            "resolved": "http://localhost:4873/defaults/-/defaults-1.0.3.tgz",
            "integrity": "sha1-xlYFHpgX2f8I7YgUd/P+QBnz730=",
            "requires": {
                "clone": "^1.0.2"
            }
        },
        "eol": {
            "version": "0.9.1",
            "resolved": "http://localhost:4873/eol/-/eol-0.9.1.tgz",
            "integrity": "sha512-Ds/TEoZjwggRoz/Q2O7SE3i4Jm66mqTDfmdHdq/7DKVk3bro9Q8h6WdXKdPqFLMoqxrDK5SVRzHVPOS6uuGtrg=="
        },
        "fs-extra": {
            "version": "9.0.1",
            "resolved": "http://localhost:4873/fs-extra/-/fs-extra-9.0.1.tgz",
            "integrity": "sha512-h2iAoN838FqAFJY2/qVpzFXy+EBxfVE220PalAqQLDVsFOHLJrZvut5puAbCdNv6WJk+B8ihI+k0c7JK5erwqQ==",
            "requires": {
                "at-least-node": "^1.0.0",
                "graceful-fs": "^4.2.0",
                "jsonfile": "^6.0.1",
                "universalify": "^1.0.0"
            }
        },
        "graceful-fs": {
            "version": "4.2.4",
            "resolved": "http://localhost:4873/graceful-fs/-/graceful-fs-4.2.4.tgz",
            "integrity": "sha512-WjKPNJF79dtJAVniUlGGWHYGz2jWxT6VhN/4m1NdkbZ2nOsEF+cI1Edgql5zCRhs/VsQYRvrXctxktVXZUkixw=="
        },
        "handlebars": {
            "version": "4.7.6",
            "resolved": "http://localhost:4873/handlebars/-/handlebars-4.7.6.tgz",
            "integrity": "sha512-1f2BACcBfiwAfStCKZNrUCgqNZkGsAT7UM3kkYtXuLo0KnaVfjKOyf7PRzB6++aK9STyT1Pd2ZCPe3EGOXleXA==",
            "requires": {
                "minimist": "^1.2.5",
                "neo-async": "^2.6.0",
                "source-map": "^0.6.1",
                "uglify-js": "^3.1.4",
                "wordwrap": "^1.0.0"
            }
        },
        "has-flag": {
            "version": "4.0.0",
            "resolved": "http://localhost:4873/has-flag/-/has-flag-4.0.0.tgz",
            "integrity": "sha512-EykJT/Q1KjTWctppgIAgfSO0tKVuZUjhgMr17kqTumMl6Afv3EISleU7qZUzoXDFTAHTDC4NOoG/ZxU3EvlMPQ=="
        },
        "is-interactive": {
            "version": "1.0.0",
            "resolved": "http://localhost:4873/is-interactive/-/is-interactive-1.0.0.tgz",
            "integrity": "sha512-2HvIEKRoqS62guEC+qBjpvRubdX910WCMuJTZ+I9yvqKU2/12eSL549HMwtabb4oupdj2sMP50k+XJfB/8JE6w=="
        },
        "jsonfile": {
            "version": "6.1.0",
            "resolved": "http://localhost:4873/jsonfile/-/jsonfile-6.1.0.tgz",
            "integrity": "sha512-5dgndWOriYSm5cnYaJNhalLNDKOqFwyDB/rr1E9ZsGciGvKPs8R2xYGCacuf3z6K1YKDz182fd+fY3cn3pMqXQ==",
            "requires": {
                "graceful-fs": "^4.1.6",
                "universalify": "^2.0.0"
            },
            "dependencies": {
                "universalify": {
                    "version": "2.0.0",
                    "resolved": "http://localhost:4873/universalify/-/universalify-2.0.0.tgz",
                    "integrity": "sha512-hAZsKq7Yy11Zu1DE0OzWjw7nnLZmJZYTDZZyEFHZdUhV8FkH5MCfoU1XMaxXovpyW5nq5scPqq0ZDP9Zyl04oQ=="
                }
            }
        },
        "log-symbols": {
            "version": "4.0.0",
            "resolved": "http://localhost:4873/log-symbols/-/log-symbols-4.0.0.tgz",
            "integrity": "sha512-FN8JBzLx6CzeMrB0tg6pqlGU1wCrXW+ZXGH481kfsBqer0hToTIiHdjH4Mq8xJUbvATujKCvaREGWpGUionraA==",
            "requires": {
                "chalk": "^4.0.0"
            }
        },
        "mimic-fn": {
            "version": "2.1.0",
            "resolved": "http://localhost:4873/mimic-fn/-/mimic-fn-2.1.0.tgz",
            "integrity": "sha512-OqbOk5oEQeAZ8WXWydlu9HJjz9WVdEIvamMCcXmuqUYjTknH/sqsWvhQ3vgwKFRR1HpjvNBKQ37nbJgYzGqGcg=="
        },
        "minimist": {
            "version": "1.2.5",
            "resolved": "http://localhost:4873/minimist/-/minimist-1.2.5.tgz",
            "integrity": "sha512-FM9nNUYrRBAELZQT3xeZQ7fmMOBg6nWNmJKTcgsJeaLstP/UODVpGsr5OhXhhXg6f+qtJ8uiZ+PUxkDWcgIXLw=="
        },
        "mute-stream": {
            "version": "0.0.8",
            "resolved": "http://localhost:4873/mute-stream/-/mute-stream-0.0.8.tgz",
            "integrity": "sha512-nnbWWOkoWyUsTjKrhgD0dcz22mdkSnpYqbEjIm2nhwhuxlSkpywJmBo8h0ZqJdkp73mb90SssHkN4rsRaBAfAA=="
        },
        "neo-async": {
            "version": "2.6.2",
            "resolved": "http://localhost:4873/neo-async/-/neo-async-2.6.2.tgz",
            "integrity": "sha512-Yd3UES5mWCSqR+qNT93S3UoYUkqAZ9lLg8a7g9rimsWmYGK8cVToA4/sF3RrshdyV3sAGMXVUmpMYOw+dLpOuw=="
        },
        "onetime": {
            "version": "5.1.2",
            "resolved": "http://localhost:4873/onetime/-/onetime-5.1.2.tgz",
            "integrity": "sha512-kbpaSSGJTWdAY5KPVeMOKXSrPtr8C8C7wodJbcsd51jRnmD+GZu8Y0VoU6Dm5Z4vWr0Ig/1NKuWRKf7j5aaYSg==",
            "requires": {
                "mimic-fn": "^2.1.0"
            }
        },
        "ora": {
            "version": "5.1.0",
            "resolved": "http://localhost:4873/ora/-/ora-5.1.0.tgz",
            "integrity": "sha512-9tXIMPvjZ7hPTbk8DFq1f7Kow/HU/pQYB60JbNq+QnGwcyhWVZaQ4hM9zQDEsPxw/muLpgiHSaumUZxCAmod/w==",
            "requires": {
                "chalk": "^4.1.0",
                "cli-cursor": "^3.1.0",
                "cli-spinners": "^2.4.0",
                "is-interactive": "^1.0.0",
                "log-symbols": "^4.0.0",
                "mute-stream": "0.0.8",
                "strip-ansi": "^6.0.0",
                "wcwidth": "^1.0.1"
            }
        },
        "restore-cursor": {
            "version": "3.1.0",
            "resolved": "http://localhost:4873/restore-cursor/-/restore-cursor-3.1.0.tgz",
            "integrity": "sha512-l+sSefzHpj5qimhFSE5a8nufZYAM3sBSVMAPtYkmC+4EH2anSGaEMXSD0izRQbu9nfyQ9y5JrVmp7E8oZrUjvA==",
            "requires": {
                "onetime": "^5.1.0",
                "signal-exit": "^3.0.2"
            }
        },
        "signal-exit": {
            "version": "3.0.3",
            "resolved": "http://localhost:4873/signal-exit/-/signal-exit-3.0.3.tgz",
            "integrity": "sha512-VUJ49FC8U1OxwZLxIbTTrDvLnf/6TDgxZcK8wxR8zs13xpx7xbG60ndBlhNrFi2EMuFRoeDoJO7wthSLq42EjA=="
        },
        "source-map": {
            "version": "0.6.1",
            "resolved": "http://localhost:4873/source-map/-/source-map-0.6.1.tgz",
            "integrity": "sha512-UjgapumWlbMhkBgzT7Ykc5YXUT46F0iKu8SGXq0bcwP5dz/h0Plj6enJqjz1Zbq2l5WaqYnrVbwWOWMyF3F47g=="
        },
        "strip-ansi": {
            "version": "6.0.0",
            "resolved": "http://localhost:4873/strip-ansi/-/strip-ansi-6.0.0.tgz",
            "integrity": "sha512-AuvKTrTfQNYNIctbR1K/YGTR1756GycPsg7b9bdV9Duqur4gv6aKqHXah67Z8ImS7WEz5QVcOtlfW2rZEugt6w==",
            "requires": {
                "ansi-regex": "^5.0.0"
            }
        },
        "supports-color": {
            "version": "7.2.0",
            "resolved": "http://localhost:4873/supports-color/-/supports-color-7.2.0.tgz",
            "integrity": "sha512-qpCAvRl9stuOHveKsn7HncJRvv501qIacKzQlO/+Lwxc9+0q2wLyv4Dfvt80/DPn2pqOBsJdDiogXGR9+OvwRw==",
            "requires": {
                "has-flag": "^4.0.0"
            }
        },
        "uglify-js": {
            "version": "3.11.6",
            "resolved": "http://localhost:4873/uglify-js/-/uglify-js-3.11.6.tgz",
            "integrity": "sha512-oASI1FOJ7BBFkSCNDZ446EgkSuHkOZBuqRFrwXIKWCoXw8ZXQETooTQjkAcBS03Acab7ubCKsXnwuV2svy061g==",
            "optional": true
        },
        "universalify": {
            "version": "1.0.0",
            "resolved": "http://localhost:4873/universalify/-/universalify-1.0.0.tgz",
            "integrity": "sha512-rb6X1W158d7pRQBg5gkR8uPaSfiids68LTJQYOtEUhoJUWBdaQHsuT/EUduxXYxcrt4r5PJ4fuHW1MHT6p0qug=="
        },
        "wcwidth": {
            "version": "1.0.1",
            "resolved": "http://localhost:4873/wcwidth/-/wcwidth-1.0.1.tgz",
            "integrity": "sha1-8LDc+RW8X/FSivrbLA4XtTLaL+g=",
            "requires": {
                "defaults": "^1.0.3"
            }
        },
        "wordwrap": {
            "version": "1.0.0",
            "resolved": "http://localhost:4873/wordwrap/-/wordwrap-1.0.0.tgz",
            "integrity": "sha1-J1hIEIkUVqQXHI0CJkQa3pDLyus="
        }
    }
}
